// !$*UTF8*$!
{
	archiveVersion = 1;
	classes = {
	};
	objectVersion = 46;
	objects = {

/* Begin PBXBuildFile section */
		52A4E67F19EDBDB2001EC4B7 /* TransactionVO.m in Sources */ = {isa = PBXBuildFile; fileRef = 52A4E67E19EDBDB2001EC4B7 /* TransactionVO.m */; };
		52A4E6A019F6BCC6001EC4B7 /* TransactionVO.h in CopyFiles */ = {isa = PBXBuildFile; fileRef = 52A4E67D19EDBDB2001EC4B7 /* TransactionVO.h */; };
		52B370FB19E1BE320057BE35 /* PaymentService.h in CopyFiles */ = {isa = PBXBuildFile; fileRef = 52B370FA19E1BE320057BE35 /* PaymentService.h */; };
		52B370FD19E1BE320057BE35 /* PaymentService.m in Sources */ = {isa = PBXBuildFile; fileRef = 52B370FC19E1BE320057BE35 /* PaymentService.m */; };
		52B3710319E1BE320057BE35 /* libPaymentService.a in Frameworks */ = {isa = PBXBuildFile; fileRef = 52B370F719E1BE320057BE35 /* libPaymentService.a */; };
		52B3711F19E1BF150057BE35 /* GDataXMLNode.m in Sources */ = {isa = PBXBuildFile; fileRef = 52B3711E19E1BF150057BE35 /* GDataXMLNode.m */; };
		52B3712719E1BF1E0057BE35 /* GeneralInfoVO.m in Sources */ = {isa = PBXBuildFile; fileRef = 52B3712219E1BF1E0057BE35 /* GeneralInfoVO.m */; };
		52B3712819E1BF1E0057BE35 /* Transactions.m in Sources */ = {isa = PBXBuildFile; fileRef = 52B3712419E1BF1E0057BE35 /* Transactions.m */; };
		52B3712A19E1C1A50057BE35 /* GeneralInfoVO.h in CopyFiles */ = {isa = PBXBuildFile; fileRef = 52B3712119E1BF1E0057BE35 /* GeneralInfoVO.h */; };
/* End PBXBuildFile section */

/* Begin PBXContainerItemProxy section */
		52B3710419E1BE320057BE35 /* PBXContainerItemProxy */ = {
			isa = PBXContainerItemProxy;
			containerPortal = 52B370EF19E1BE320057BE35 /* Project object */;
			proxyType = 1;
			remoteGlobalIDString = 52B370F619E1BE320057BE35;
			remoteInfo = PaymentService;
		};
/* End PBXContainerItemProxy section */

/* Begin PBXCopyFilesBuildPhase section */
		52B370F519E1BE320057BE35 /* CopyFiles */ = {
			isa = PBXCopyFilesBuildPhase;
			buildActionMask = 2147483647;
			dstPath = "include/$(PRODUCT_NAME)";
			dstSubfolderSpec = 16;
			files = (
				52A4E6A019F6BCC6001EC4B7 /* TransactionVO.h in CopyFiles */,
				52B370FB19E1BE320057BE35 /* PaymentService.h in CopyFiles */,
				52B3712A19E1C1A50057BE35 /* GeneralInfoVO.h in CopyFiles */,
			);
			runOnlyForDeploymentPostprocessing = 0;
		};
/* End PBXCopyFilesBuildPhase section */

/* Begin PBXFileReference section */
		52A4E67D19EDBDB2001EC4B7 /* TransactionVO.h */ = {isa = PBXFileReference; fileEncoding = 4; lastKnownFileType = sourcecode.c.h; path = TransactionVO.h; sourceTree = "<group>"; };
		52A4E67E19EDBDB2001EC4B7 /* TransactionVO.m */ = {isa = PBXFileReference; fileEncoding = 4; lastKnownFileType = sourcecode.c.objc; path = TransactionVO.m; sourceTree = "<group>"; };
		52B370F719E1BE320057BE35 /* libPaymentService.a */ = {isa = PBXFileReference; explicitFileType = archive.ar; includeInIndex = 0; path = libPaymentService.a; sourceTree = BUILT_PRODUCTS_DIR; };
		52B370FA19E1BE320057BE35 /* PaymentService.h */ = {isa = PBXFileReference; lastKnownFileType = sourcecode.c.h; path = PaymentService.h; sourceTree = "<group>"; };
		52B370FC19E1BE320057BE35 /* PaymentService.m */ = {isa = PBXFileReference; lastKnownFileType = sourcecode.c.objc; path = PaymentService.m; sourceTree = "<group>"; };
		52B3710219E1BE320057BE35 /* PaymentServiceTests.xctest */ = {isa = PBXFileReference; explicitFileType = wrapper.cfbundle; includeInIndex = 0; path = PaymentServiceTests.xctest; sourceTree = BUILT_PRODUCTS_DIR; };
		52B3710819E1BE320057BE35 /* Info.plist */ = {isa = PBXFileReference; lastKnownFileType = text.plist.xml; path = Info.plist; sourceTree = "<group>"; };
		52B3711D19E1BF150057BE35 /* GDataXMLNode.h */ = {isa = PBXFileReference; fileEncoding = 4; lastKnownFileType = sourcecode.c.h; path = GDataXMLNode.h; sourceTree = "<group>"; };
		52B3711E19E1BF150057BE35 /* GDataXMLNode.m */ = {isa = PBXFileReference; fileEncoding = 4; lastKnownFileType = sourcecode.c.objc; path = GDataXMLNode.m; sourceTree = "<group>"; };
		52B3712119E1BF1E0057BE35 /* GeneralInfoVO.h */ = {isa = PBXFileReference; fileEncoding = 4; lastKnownFileType = sourcecode.c.h; path = GeneralInfoVO.h; sourceTree = "<group>"; };
		52B3712219E1BF1E0057BE35 /* GeneralInfoVO.m */ = {isa = PBXFileReference; fileEncoding = 4; lastKnownFileType = sourcecode.c.objc; path = GeneralInfoVO.m; sourceTree = "<group>"; };
		52B3712319E1BF1E0057BE35 /* Transactions.h */ = {isa = PBXFileReference; fileEncoding = 4; lastKnownFileType = sourcecode.c.h; path = Transactions.h; sourceTree = "<group>"; };
		52B3712419E1BF1E0057BE35 /* Transactions.m */ = {isa = PBXFileReference; fileEncoding = 4; lastKnownFileType = sourcecode.c.objc; path = Transactions.m; sourceTree = "<group>"; };
		52B3717019E1F8930057BE35 /* libxml2.dylib */ = {isa = PBXFileReference; lastKnownFileType = "compiled.mach-o.dylib"; name = libxml2.dylib; path = usr/lib/libxml2.dylib; sourceTree = SDKROOT; };
		52B3717A19E2FB120057BE35 /* Constants.h */ = {isa = PBXFileReference; fileEncoding = 4; lastKnownFileType = sourcecode.c.h; path = Constants.h; sourceTree = "<group>"; };
/* End PBXFileReference section */

/* Begin PBXFrameworksBuildPhase section */
		52B370F419E1BE320057BE35 /* Frameworks */ = {
			isa = PBXFrameworksBuildPhase;
			buildActionMask = 2147483647;
			files = (
			);
			runOnlyForDeploymentPostprocessing = 0;
		};
		52B370FF19E1BE320057BE35 /* Frameworks */ = {
			isa = PBXFrameworksBuildPhase;
			buildActionMask = 2147483647;
			files = (
				52B3710319E1BE320057BE35 /* libPaymentService.a in Frameworks */,
			);
			runOnlyForDeploymentPostprocessing = 0;
		};
/* End PBXFrameworksBuildPhase section */

/* Begin PBXGroup section */
		52B370EE19E1BE320057BE35 = {
			isa = PBXGroup;
			children = (
				52B3717019E1F8930057BE35 /* libxml2.dylib */,
				52B370F919E1BE320057BE35 /* PaymentService */,
				52B3710619E1BE320057BE35 /* PaymentServiceTests */,
				52B370F819E1BE320057BE35 /* Products */,
			);
			sourceTree = "<group>";
		};
		52B370F819E1BE320057BE35 /* Products */ = {
			isa = PBXGroup;
			children = (
				52B370F719E1BE320057BE35 /* libPaymentService.a */,
				52B3710219E1BE320057BE35 /* PaymentServiceTests.xctest */,
			);
			name = Products;
			sourceTree = "<group>";
		};
		52B370F919E1BE320057BE35 /* PaymentService */ = {
			isa = PBXGroup;
			children = (
				52B3712019E1BF1E0057BE35 /* Model */,
				52B3711C19E1BF150057BE35 /* GDDataXML */,
				52B370FA19E1BE320057BE35 /* PaymentService.h */,
				52B370FC19E1BE320057BE35 /* PaymentService.m */,
			);
			path = PaymentService;
			sourceTree = "<group>";
		};
		52B3710619E1BE320057BE35 /* PaymentServiceTests */ = {
			isa = PBXGroup;
			children = (
				52B3710719E1BE320057BE35 /* Supporting Files */,
			);
			path = PaymentServiceTests;
			sourceTree = "<group>";
		};
		52B3710719E1BE320057BE35 /* Supporting Files */ = {
			isa = PBXGroup;
			children = (
				52B3710819E1BE320057BE35 /* Info.plist */,
			);
			name = "Supporting Files";
			sourceTree = "<group>";
		};
		52B3711C19E1BF150057BE35 /* GDDataXML */ = {
			isa = PBXGroup;
			children = (
				52B3711D19E1BF150057BE35 /* GDataXMLNode.h */,
				52B3711E19E1BF150057BE35 /* GDataXMLNode.m */,
			);
			path = GDDataXML;
			sourceTree = "<group>";
		};
		52B3712019E1BF1E0057BE35 /* Model */ = {
			isa = PBXGroup;
			children = (
				52A4E67D19EDBDB2001EC4B7 /* TransactionVO.h */,
				52A4E67E19EDBDB2001EC4B7 /* TransactionVO.m */,
				52B3712119E1BF1E0057BE35 /* GeneralInfoVO.h */,
				52B3712219E1BF1E0057BE35 /* GeneralInfoVO.m */,
				52B3712319E1BF1E0057BE35 /* Transactions.h */,
				52B3712419E1BF1E0057BE35 /* Transactions.m */,
				52B3717A19E2FB120057BE35 /* Constants.h */,
			);
			path = Model;
			sourceTree = "<group>";
		};
/* End PBXGroup section */

/* Begin PBXNativeTarget section */
		52B370F619E1BE320057BE35 /* PaymentService */ = {
			isa = PBXNativeTarget;
			buildConfigurationList = 52B3710B19E1BE320057BE35 /* Build configuration list for PBXNativeTarget "PaymentService" */;
			buildPhases = (
				52B370F319E1BE320057BE35 /* Sources */,
				52B370F419E1BE320057BE35 /* Frameworks */,
				52B370F519E1BE320057BE35 /* CopyFiles */,
			);
			buildRules = (
			);
			dependencies = (
			);
			name = PaymentService;
			productName = PaymentService;
			productReference = 52B370F719E1BE320057BE35 /* libPaymentService.a */;
			productType = "com.apple.product-type.library.static";
		};
		52B3710119E1BE320057BE35 /* PaymentServiceTests */ = {
			isa = PBXNativeTarget;
			buildConfigurationList = 52B3710E19E1BE320057BE35 /* Build configuration list for PBXNativeTarget "PaymentServiceTests" */;
			buildPhases = (
				52B370FE19E1BE320057BE35 /* Sources */,
				52B370FF19E1BE320057BE35 /* Frameworks */,
				52B3710019E1BE320057BE35 /* Resources */,
			);
			buildRules = (
			);
			dependencies = (
				52B3710519E1BE320057BE35 /* PBXTargetDependency */,
			);
			name = PaymentServiceTests;
			productName = PaymentServiceTests;
			productReference = 52B3710219E1BE320057BE35 /* PaymentServiceTests.xctest */;
			productType = "com.apple.product-type.bundle.unit-test";
		};
/* End PBXNativeTarget section */

/* Begin PBXProject section */
		52B370EF19E1BE320057BE35 /* Project object */ = {
			isa = PBXProject;
			attributes = {
				LastUpgradeCheck = 0610;
				ORGANIZATIONNAME = "Peter Qiu";
				TargetAttributes = {
					52B370F619E1BE320057BE35 = {
						CreatedOnToolsVersion = 6.1;
					};
					52B3710119E1BE320057BE35 = {
						CreatedOnToolsVersion = 6.1;
					};
				};
			};
			buildConfigurationList = 52B370F219E1BE320057BE35 /* Build configuration list for PBXProject "PaymentService" */;
			compatibilityVersion = "Xcode 3.2";
			developmentRegion = English;
			hasScannedForEncodings = 0;
			knownRegions = (
				en,
			);
			mainGroup = 52B370EE19E1BE320057BE35;
			productRefGroup = 52B370F819E1BE320057BE35 /* Products */;
			projectDirPath = "";
			projectRoot = "";
			targets = (
				52B370F619E1BE320057BE35 /* PaymentService */,
				52B3710119E1BE320057BE35 /* PaymentServiceTests */,
			);
		};
/* End PBXProject section */

/* Begin PBXResourcesBuildPhase section */
		52B3710019E1BE320057BE35 /* Resources */ = {
			isa = PBXResourcesBuildPhase;
			buildActionMask = 2147483647;
			files = (
			);
			runOnlyForDeploymentPostprocessing = 0;
		};
/* End PBXResourcesBuildPhase section */

/* Begin PBXSourcesBuildPhase section */
		52B370F319E1BE320057BE35 /* Sources */ = {
			isa = PBXSourcesBuildPhase;
			buildActionMask = 2147483647;
			files = (
				52B370FD19E1BE320057BE35 /* PaymentService.m in Sources */,
				52B3712719E1BF1E0057BE35 /* GeneralInfoVO.m in Sources */,
				52A4E67F19EDBDB2001EC4B7 /* TransactionVO.m in Sources */,
				52B3712819E1BF1E0057BE35 /* Transactions.m in Sources */,
				52B3711F19E1BF150057BE35 /* GDataXMLNode.m in Sources */,
			);
			runOnlyForDeploymentPostprocessing = 0;
		};
		52B370FE19E1BE320057BE35 /* Sources */ = {
			isa = PBXSourcesBuildPhase;
			buildActionMask = 2147483647;
			files = (
			);
			runOnlyForDeploymentPostprocessing = 0;
		};
/* End PBXSourcesBuildPhase section */

/* Begin PBXTargetDependency section */
		52B3710519E1BE320057BE35 /* PBXTargetDependency */ = {
			isa = PBXTargetDependency;
			target = 52B370F619E1BE320057BE35 /* PaymentService */;
			targetProxy = 52B3710419E1BE320057BE35 /* PBXContainerItemProxy */;
		};
/* End PBXTargetDependency section */

/* Begin XCBuildConfiguration section */
		52B3710919E1BE320057BE35 /* Debug */ = {
			isa = XCBuildConfiguration;
			buildSettings = {
				ALWAYS_SEARCH_USER_PATHS = NO;
				CLANG_CXX_LANGUAGE_STANDARD = "gnu++0x";
				CLANG_CXX_LIBRARY = "libc++";
				CLANG_ENABLE_MODULES = YES;
				CLANG_ENABLE_OBJC_ARC = YES;
				CLANG_WARN_BOOL_CONVERSION = YES;
				CLANG_WARN_CONSTANT_CONVERSION = YES;
				CLANG_WARN_DIRECT_OBJC_ISA_USAGE = YES_ERROR;
				CLANG_WARN_EMPTY_BODY = YES;
				CLANG_WARN_ENUM_CONVERSION = YES;
				CLANG_WARN_INT_CONVERSION = YES;
				CLANG_WARN_OBJC_ROOT_CLASS = YES_ERROR;
				CLANG_WARN_UNREACHABLE_CODE = YES;
				CLANG_WARN__DUPLICATE_METHOD_MATCH = YES;
				COPY_PHASE_STRIP = NO;
				ENABLE_STRICT_OBJC_MSGSEND = YES;
				GCC_C_LANGUAGE_STANDARD = gnu99;
				GCC_DYNAMIC_NO_PIC = NO;
				GCC_OPTIMIZATION_LEVEL = 0;
				GCC_PREPROCESSOR_DEFINITIONS = (
					"DEBUG=1",
					"$(inherited)",
				);
				GCC_SYMBOLS_PRIVATE_EXTERN = NO;
				GCC_WARN_64_TO_32_BIT_CONVERSION = YES;
				GCC_WARN_ABOUT_RETURN_TYPE = YES_ERROR;
				GCC_WARN_UNDECLARED_SELECTOR = YES;
				GCC_WARN_UNINITIALIZED_AUTOS = YES_AGGRESSIVE;
				GCC_WARN_UNUSED_FUNCTION = YES;
				GCC_WARN_UNUSED_VARIABLE = YES;
				IPHONEOS_DEPLOYMENT_TARGET = 8.0;
				MTL_ENABLE_DEBUG_INFO = YES;
				ONLY_ACTIVE_ARCH = YES;
				SDKROOT = iphoneos;
			};
			name = Debug;
		};
		52B3710A19E1BE320057BE35 /* Release */ = {
			isa = XCBuildConfiguration;
			buildSettings = {
				ALWAYS_SEARCH_USER_PATHS = NO;
				CLANG_CXX_LANGUAGE_STANDARD = "gnu++0x";
				CLANG_CXX_LIBRARY = "libc++";
				CLANG_ENABLE_MODULES = YES;
				CLANG_ENABLE_OBJC_ARC = YES;
				CLANG_WARN_BOOL_CONVERSION = YES;
				CLANG_WARN_CONSTANT_CONVERSION = YES;
				CLANG_WARN_DIRECT_OBJC_ISA_USAGE = YES_ERROR;
				CLANG_WARN_EMPTY_BODY = YES;
				CLANG_WARN_ENUM_CONVERSION = YES;
				CLANG_WARN_INT_CONVERSION = YES;
				CLANG_WARN_OBJC_ROOT_CLASS = YES_ERROR;
				CLANG_WARN_UNREACHABLE_CODE = YES;
				CLANG_WARN__DUPLICATE_METHOD_MATCH = YES;
				COPY_PHASE_STRIP = YES;
				ENABLE_NS_ASSERTIONS = NO;
				ENABLE_STRICT_OBJC_MSGSEND = YES;
				GCC_C_LANGUAGE_STANDARD = gnu99;
				GCC_WARN_64_TO_32_BIT_CONVERSION = YES;
				GCC_WARN_ABOUT_RETURN_TYPE = YES_ERROR;
				GCC_WARN_UNDECLARED_SELECTOR = YES;
				GCC_WARN_UNINITIALIZED_AUTOS = YES_AGGRESSIVE;
				GCC_WARN_UNUSED_FUNCTION = YES;
				GCC_WARN_UNUSED_VARIABLE = YES;
				IPHONEOS_DEPLOYMENT_TARGET = 8.0;
				MTL_ENABLE_DEBUG_INFO = NO;
				SDKROOT = iphoneos;
				VALIDATE_PRODUCT = YES;
			};
			name = Release;
		};
		52B3710C19E1BE320057BE35 /* Debug */ = {
			isa = XCBuildConfiguration;
			buildSettings = {
				CLANG_ENABLE_MODULES = YES;
				FRAMEWORK_SEARCH_PATHS = (
					"$(inherited)",
					"$(PROJECT_DIR)/PaymentService",
				);
				"HEADER_SEARCH_PATHS[arch=*]" = "$(SDKROOT)/usr/include/libxml2";
				LD_RUNPATH_SEARCH_PATHS = "$(inherited) @executable_path/Frameworks @loader_path/Frameworks";
				ONLY_ACTIVE_ARCH = NO;
				OTHER_LDFLAGS = "-ObjC";
				PRODUCT_NAME = "$(TARGET_NAME)";
				PUBLIC_HEADERS_FOLDER_PATH = "include/$(PROJECT_NAME)";
				SKIP_INSTALL = YES;
				SWIFT_OBJC_BRIDGING_HEADER = "PaymentService/PaymentService-Bridging-Header.h";
				SWIFT_OPTIMIZATION_LEVEL = "-Onone";
			};
			name = Debug;
		};
		52B3710D19E1BE320057BE35 /* Release */ = {
			isa = XCBuildConfiguration;
			buildSettings = {
				CLANG_ENABLE_MODULES = YES;
				FRAMEWORK_SEARCH_PATHS = (
					"$(inherited)",
					"$(PROJECT_DIR)/PaymentService",
				);
				"HEADER_SEARCH_PATHS[arch=*]" = "$(SDKROOT)/usr/include/libxml2";
				LD_RUNPATH_SEARCH_PATHS = "$(inherited) @executable_path/Frameworks @loader_path/Frameworks";
				OTHER_LDFLAGS = "-ObjC";
				PRODUCT_NAME = "$(TARGET_NAME)";
				PUBLIC_HEADERS_FOLDER_PATH = "include/$(PROJECT_NAME)";
				SKIP_INSTALL = YES;
				SWIFT_OBJC_BRIDGING_HEADER = "PaymentService/PaymentService-Bridging-Header.h";
			};
			name = Release;
		};
		52B3710F19E1BE320057BE35 /* Debug */ = {
			isa = XCBuildConfiguration;
			buildSettings = {
				FRAMEWORK_SEARCH_PATHS = (
					"$(SDKROOT)/Developer/Library/Frameworks",
					"$(inherited)",
				);
				GCC_PREPROCESSOR_DEFINITIONS = (
					"DEBUG=1",
					"$(inherited)",
				);
				INFOPLIST_FILE = PaymentServiceTests/Info.plist;
				LD_RUNPATH_SEARCH_PATHS = "$(inherited) @executable_path/Frameworks @loader_path/Frameworks";
				PRODUCT_NAME = "$(TARGET_NAME)";
			};
			name = Debug;
		};
		52B3711019E1BE320057BE35 /* Release */ = {
			isa = XCBuildConfiguration;
			buildSettings = {
				FRAMEWORK_SEARCH_PATHS = (
					"$(SDKROOT)/Developer/Library/Frameworks",
					"$(inherited)",
				);
				INFOPLIST_FILE = PaymentServiceTests/Info.plist;
				LD_RUNPATH_SEARCH_PATHS = "$(inherited) @executable_path/Frameworks @loader_path/Frameworks";
				PRODUCT_NAME = "$(TARGET_NAME)";
			};
			name = Release;
		};
/* End XCBuildConfiguration section */

/* Begin XCConfigurationList section */
		52B370F219E1BE320057BE35 /* Build configuration list for PBXProject "PaymentService" */ = {
			isa = XCConfigurationList;
			buildConfigurations = (
				52B3710919E1BE320057BE35 /* Debug */,
				52B3710A19E1BE320057BE35 /* Release */,
			);
			defaultConfigurationIsVisible = 0;
			defaultConfigurationName = Release;
		};
		52B3710B19E1BE320057BE35 /* Build configuration list for PBXNativeTarget "PaymentService" */ = {
			isa = XCConfigurationList;
			buildConfigurations = (
				52B3710C19E1BE320057BE35 /* Debug */,
				52B3710D19E1BE320057BE35 /* Release */,
			);
			defaultConfigurationIsVisible = 0;
			defaultConfigurationName = Release;
		};
		52B3710E19E1BE320057BE35 /* Build configuration list for PBXNativeTarget "PaymentServiceTests" */ = {
			isa = XCConfigurationList;
			buildConfigurations = (
				52B3710F19E1BE320057BE35 /* Debug */,
				52B3711019E1BE320057BE35 /* Release */,
			);
			defaultConfigurationIsVisible = 0;
			defaultConfigurationName = Release;
		};
/* End XCConfigurationList section */
	};
	rootObject = 52B370EF19E1BE320057BE35 /* Project object */;
}
